// !$*UTF8*$!
{
	archiveVersion = 1;
	classes = {
	};
	objectVersion = 77;
	objects = {

/* Begin PBXBuildFile section */
		7D7C5C562F698893000334A4 /* FirebaseAnalytics in Frameworks */ = {isa = PBXBuildFile; productRef = 7D7C5C552F698893000334A4 /* FirebaseAnalytics */; };
		7D7C5C582F698893000334A4 /* FirebaseAuth in Frameworks */ = {isa = PBXBuildFile; productRef = 7D7C5C572F698893000334A4 /* FirebaseAuth */; };
		7D7C5C5A2F698893000334A4 /* FirebaseFirestore in Frameworks */ = {isa = PBXBuildFile; productRef = 7D7C5C592F698893000334A4 /* FirebaseFirestore */; };
/* End PBXBuildFile section */

/* Begin PBXContainerItemProxy section */
		7D7C5C362F6893BB000334A4 /* PBXContainerItemProxy */ = {
			isa = PBXContainerItemProxy;
			containerPortal = 7D7C5C202F6893B9000334A4 /* Project object */;
			proxyType = 1;
			remoteGlobalIDString = 7D7C5C272F6893B9000334A4;
			remoteInfo = RegisterFirebaseSDK;
		};
		7D7C5C402F6893BB000334A4 /* PBXContainerItemProxy */ = {
			isa = PBXContainerItemProxy;
			containerPortal = 7D7C5C202F6893B9000334A4 /* Project object */;
			proxyType = 1;
			remoteGlobalIDString = 7D7C5C272F6893B9000334A4;
			remoteInfo = RegisterFirebaseSDK;
		};
/* End PBXContainerItemProxy section */

/* Begin PBXFileReference section */
		7D7C5C282F6893B9000334A4 /* RegisterFirebaseSDK.app */ = {isa = PBXFileReference; explicitFileType = wrapper.application; includeInIndex = 0; path = RegisterFirebaseSDK.app; sourceTree = BUILT_PRODUCTS_DIR; };
		7D7C5C352F6893BB000334A4 /* RegisterFirebaseSDKTests.xctest */ = {isa = PBXFileReference; explicitFileType = wrapper.cfbundle; includeInIndex = 0; path = RegisterFirebaseSDKTests.xctest; sourceTree = BUILT_PRODUCTS_DIR; };
		7D7C5C3F2F6893BB000334A4 /* RegisterFirebaseSDKUITests.xctest */ = {isa = PBXFileReference; explicitFileType = wrapper.cfbundle; includeInIndex = 0; path = RegisterFirebaseSDKUITests.xctest; sourceTree = BUILT_PRODUCTS_DIR; };
/* End PBXFileReference section */

/* Begin PBXFileSystemSynchronizedRootGroup section */
		7D7C5C2A2F6893B9000334A4 /* RegisterFirebaseSDK */ = {
			isa = PBXFileSystemSynchronizedRootGroup;
			path = RegisterFirebaseSDK;
			sourceTree = "<group>";
		};
		7D7C5C382F6893BB000334A4 /* RegisterFirebaseSDKTests */ = {
			isa = PBXFileSystemSynchronizedRootGroup;
			path = RegisterFirebaseSDKTests;
			sourceTree = "<group>";
		};
		7D7C5C422F6893BB000334A4 /* RegisterFirebaseSDKUITests */ = {
			isa = PBXFileSystemSynchronizedRootGroup;
			path = RegisterFirebaseSDKUITests;
			sourceTree = "<group>";
		};
/* End PBXFileSystemSynchronizedRootGroup section */

/* Begin PBXFrameworksBuildPhase section */
		7D7C5C252F6893B9000334A4 /* Frameworks */ = {
			isa = PBXFrameworksBuildPhase;
			buildActionMask = 2147483647;
			files = (
				7D7C5C562F698893000334A4 /* FirebaseAnalytics in Frameworks */,
				7D7C5C582F698893000334A4 /* FirebaseAuth in Frameworks */,
				7D7C5C5A2F698893000334A4 /* FirebaseFirestore in Frameworks */,
			);
			runOnlyForDeploymentPostprocessing = 0;
		};
		7D7C5C322F6893BB000334A4 /* Frameworks */ = {
			isa = PBXFrameworksBuildPhase;
			buildActionMask = 2147483647;
			files = (
			);
			runOnlyForDeploymentPostprocessing = 0;
		};
		7D7C5C3C2F6893BB000334A4 /* Frameworks */ = {
			isa = PBXFrameworksBuildPhase;
			buildActionMask = 2147483647;
			files = (
			);
			runOnlyForDeploymentPostprocessing = 0;
		};
/* End PBXFrameworksBuildPhase section */

/* Begin PBXGroup section */
		7D7C5C1F2F6893B9000334A4 = {
			isa = PBXGroup;
			children = (
				7D7C5C2A2F6893B9000334A4 /* RegisterFirebaseSDK */,
				7D7C5C382F6893BB000334A4 /* RegisterFirebaseSDKTests */,
				7D7C5C422F6893BB000334A4 /* RegisterFirebaseSDKUITests */,
				7D7C5C292F6893B9000334A4 /* Products */,
			);
			sourceTree = "<group>";
		};
		7D7C5C292F6893B9000334A4 /* Products */ = {
			isa = PBXGroup;
			children = (
				7D7C5C282F6893B9000334A4 /* RegisterFirebaseSDK.app */,
				7D7C5C352F6893BB000334A4 /* RegisterFirebaseSDKTests.xctest */,
				7D7C5C3F2F6893BB000334A4 /* RegisterFirebaseSDKUITests.xctest */,
			);
			name = Products;
			sourceTree = "<group>";
		};
/* End PBXGroup section */

/* Begin PBXNativeTarget section */
		7D7C5C272F6893B9000334A4 /* RegisterFirebaseSDK */ = {
			isa = PBXNativeTarget;
			buildConfigurationList = 7D7C5C492F6893BB000334A4 /* Build configuration list for PBXNativeTarget "RegisterFirebaseSDK" */;
			buildPhases = (
				7D7C5C242F6893B9000334A4 /* Sources */,
				7D7C5C252F6893B9000334A4 /* Frameworks */,
				7D7C5C262F6893B9000334A4 /* Resources */,
			);
			buildRules = (
			);
			dependencies = (
			);
			fileSystemSynchronizedGroups = (
				7D7C5C2A2F6893B9000334A4 /* RegisterFirebaseSDK */,
			);
			name = RegisterFirebaseSDK;
			packageProductDependencies = (
				7D7C5C552F698893000334A4 /* FirebaseAnalytics */,
				7D7C5C572F698893000334A4 /* FirebaseAuth */,
				7D7C5C592F698893000334A4 /* FirebaseFirestore */,
			);
			productName = RegisterFirebaseSDK;
			productReference = 7D7C5C282F6893B9000334A4 /* RegisterFirebaseSDK.app */;
			productType = "com.apple.product-type.application";
		};
		7D7C5C342F6893BB000334A4 /* RegisterFirebaseSDKTests */ = {
			isa = PBXNativeTarget;
			buildConfigurationList = 7D7C5C4C2F6893BB000334A4 /* Build configuration list for PBXNativeTarget "RegisterFirebaseSDKTests" */;
			buildPhases = (
				7D7C5C312F6893BB000334A4 /* Sources */,
				7D7C5C322F6893BB000334A4 /* Frameworks */,
				7D7C5C332F6893BB000334A4 /* Resources */,
			);
			buildRules = (
			);
			dependencies = (
				7D7C5C372F6893BB000334A4 /* PBXTargetDependency */,
			);
			fileSystemSynchronizedGroups = (
				7D7C5C382F6893BB000334A4 /* RegisterFirebaseSDKTests */,
			);
			name = RegisterFirebaseSDKTests;
			packageProductDependencies = (
			);
			productName = RegisterFirebaseSDKTests;
			productReference = 7D7C5C352F6893BB000334A4 /* RegisterFirebaseSDKTests.xctest */;
			productType = "com.apple.product-type.bundle.unit-test";
		};
		7D7C5C3E2F6893BB000334A4 /* RegisterFirebaseSDKUITests */ = {
			isa = PBXNativeTarget;
			buildConfigurationList = 7D7C5C4F2F6893BB000334A4 /* Build configuration list for PBXNativeTarget "RegisterFirebaseSDKUITests" */;
			buildPhases = (
				7D7C5C3B2F6893BB000334A4 /* Sources */,
				7D7C5C3C2F6893BB000334A4 /* Frameworks */,
				7D7C5C3D2F6893BB000334A4 /* Resources */,
			);
			buildRules = (
			);
			dependencies = (
				7D7C5C412F6893BB000334A4 /* PBXTargetDependency */,
			);
			fileSystemSynchronizedGroups = (
				7D7C5C422F6893BB000334A4 /* RegisterFirebaseSDKUITests */,
			);
			name = RegisterFirebaseSDKUITests;
			packageProductDependencies = (
			);
			productName = RegisterFirebaseSDKUITests;
			productReference = 7D7C5C3F2F6893BB000334A4 /* RegisterFirebaseSDKUITests.xctest */;
			productType = "com.apple.product-type.bundle.ui-testing";
		};
/* End PBXNativeTarget section */

/* Begin PBXProject section */
		7D7C5C202F6893B9000334A4 /* Project object */ = {
			isa = PBXProject;
			attributes = {
				BuildIndependentTargetsInParallel = 1;
				LastSwiftUpdateCheck = 2630;
				LastUpgradeCheck = 2630;
				TargetAttributes = {
					7D7C5C272F6893B9000334A4 = {
						CreatedOnToolsVersion = 26.3;
					};
					7D7C5C342F6893BB000334A4 = {
						CreatedOnToolsVersion = 26.3;
						TestTargetID = 7D7C5C272F6893B9000334A4;
					};
					7D7C5C3E2F6893BB000334A4 = {
						CreatedOnToolsVersion = 26.3;
						TestTargetID = 7D7C5C272F6893B9000334A4;
					};
				};
			};
			buildConfigurationList = 7D7C5C232F6893B9000334A4 /* Build configuration list for PBXProject "RegisterFirebaseSDK" */;
			developmentRegion = en;
			hasScannedForEncodings = 0;
			knownRegions = (
				en,
				Base,
			);
			mainGroup = 7D7C5C1F2F6893B9000334A4;
			minimizedProjectReferenceProxies = 1;
			packageReferences = (
				7D7C5C542F698893000334A4 /* XCRemoteSwiftPackageReference "firebase-ios-sdk" */,
			);
			preferredProjectObjectVersion = 77;
			productRefGroup = 7D7C5C292F6893B9000334A4 /* Products */;
			projectDirPath = "";
			projectRoot = "";
			targets = (
				7D7C5C272F6893B9000334A4 /* RegisterFirebaseSDK */,
				7D7C5C342F6893BB000334A4 /* RegisterFirebaseSDKTests */,
				7D7C5C3E2F6893BB000334A4 /* RegisterFirebaseSDKUITests */,
			);
		};
/* End PBXProject section */

/* Begin PBXResourcesBuildPhase section */
		7D7C5C262F6893B9000334A4 /* Resources */ = {
			isa = PBXResourcesBuildPhase;
			buildActionMask = 2147483647;
			files = (
			);
			runOnlyForDeploymentPostprocessing = 0;
		};
		7D7C5C332F6893BB000334A4 /* Resources */ = {
			isa = PBXResourcesBuildPhase;
			buildActionMask = 2147483647;
			files = (
			);
			runOnlyForDeploymentPostprocessing = 0;
		};
		7D7C5C3D2F6893BB000334A4 /* Resources */ = {
			isa = PBXResourcesBuildPhase;
			buildActionMask = 2147483647;
			files = (
			);
			runOnlyForDeploymentPostprocessing = 0;
		};
/* End PBXResourcesBuildPhase section */

/* Begin PBXSourcesBuildPhase section */
		7D7C5C242F6893B9000334A4 /* Sources */ = {
			isa = PBXSourcesBuildPhase;
			buildActionMask = 2147483647;
			files = (
			);
			runOnlyForDeploymentPostprocessing = 0;
		};
		7D7C5C312F6893BB000334A4 /* Sources */ = {
			isa = PBXSourcesBuildPhase;
			buildActionMask = 2147483647;
			files = (
			);
			runOnlyForDeploymentPostprocessing = 0;
		};
		7D7C5C3B2F6893BB000334A4 /* Sources */ = {
			isa = PBXSourcesBuildPhase;
			buildActionMask = 2147483647;
			files = (
			);
			runOnlyForDeploymentPostprocessing = 0;
		};
/* End PBXSourcesBuildPhase section */

/* Begin PBXTargetDependency section */
		7D7C5C372F6893BB000334A4 /* PBXTargetDependency */ = {
			isa = PBXTargetDependency;
			target = 7D7C5C272F6893B9000334A4 /* RegisterFirebaseSDK */;
			targetProxy = 7D7C5C362F6893BB000334A4 /* PBXContainerItemProxy */;
		};
		7D7C5C412F6893BB000334A4 /* PBXTargetDependency */ = {
			isa = PBXTargetDependency;
			target = 7D7C5C272F6893B9000334A4 /* RegisterFirebaseSDK */;
			targetProxy = 7D7C5C402F6893BB000334A4 /* PBXContainerItemProxy */;
		};
/* End PBXTargetDependency section */

/* Begin XCBuildConfiguration section */
		7D7C5C472F6893BB000334A4 /* Debug */ = {
			isa = XCBuildConfiguration;
			buildSettings = {
				ALWAYS_SEARCH_USER_PATHS = NO;
				ASSETCATALOG_COMPILER_GENERATE_SWIFT_ASSET_SYMBOL_EXTENSIONS = YES;
				CLANG_ANALYZER_NONNULL = YES;
				CLANG_ANALYZER_NUMBER_OBJECT_CONVERSION = YES_AGGRESSIVE;
				CLANG_CXX_LANGUAGE_STANDARD = "gnu++20";
				CLANG_ENABLE_MODULES = YES;
				CLANG_ENABLE_OBJC_ARC = YES;
				CLANG_ENABLE_OBJC_WEAK = YES;
				CLANG_WARN_BLOCK_CAPTURE_AUTORELEASING = YES;
				CLANG_WARN_BOOL_CONVERSION = YES;
				CLANG_WARN_COMMA = YES;
				CLANG_WARN_CONSTANT_CONVERSION = YES;
				CLANG_WARN_DEPRECATED_OBJC_IMPLEMENTATIONS = YES;
				CLANG_WARN_DIRECT_OBJC_ISA_USAGE = YES_ERROR;
				CLANG_WARN_DOCUMENTATION_COMMENTS = YES;
				CLANG_WARN_EMPTY_BODY = YES;
				CLANG_WARN_ENUM_CONVERSION = YES;
				CLANG_WARN_INFINITE_RECURSION = YES;
				CLANG_WARN_INT_CONVERSION = YES;
				CLANG_WARN_NON_LITERAL_NULL_CONVERSION = YES;
				CLANG_WARN_OBJC_IMPLICIT_RETAIN_SELF = YES;
				CLANG_WARN_OBJC_LITERAL_CONVERSION = YES;
				CLANG_WARN_OBJC_ROOT_CLASS = YES_ERROR;
				CLANG_WARN_QUOTED_INCLUDE_IN_FRAMEWORK_HEADER = YES;
				CLANG_WARN_RANGE_LOOP_ANALYSIS = YES;
				CLANG_WARN_STRICT_PROTOTYPES = YES;
				CLANG_WARN_SUSPICIOUS_MOVE = YES;
				CLANG_WARN_UNGUARDED_AVAILABILITY = YES_AGGRESSIVE;
				CLANG_WARN_UNREACHABLE_CODE = YES;
				CLANG_WARN__DUPLICATE_METHOD_MATCH = YES;
				COPY_PHASE_STRIP = NO;
				DEBUG_INFORMATION_FORMAT = dwarf;
				DEVELOPMENT_TEAM = 8UPU78C9VK;
				ENABLE_STRICT_OBJC_MSGSEND = YES;
				ENABLE_TESTABILITY = YES;
				ENABLE_USER_SCRIPT_SANDBOXING = YES;
				GCC_C_LANGUAGE_STANDARD = gnu17;
				GCC_DYNAMIC_NO_PIC = NO;
				GCC_NO_COMMON_BLOCKS = YES;
				GCC_OPTIMIZATION_LEVEL = 0;
				GCC_PREPROCESSOR_DEFINITIONS = (
					"DEBUG=1",
					"$(inherited)",
				);
				GCC_WARN_64_TO_32_BIT_CONVERSION = YES;
				GCC_WARN_ABOUT_RETURN_TYPE = YES_ERROR;
				GCC_WARN_UNDECLARED_SELECTOR = YES;
				GCC_WARN_UNINITIALIZED_AUTOS = YES_AGGRESSIVE;
				GCC_WARN_UNUSED_FUNCTION = YES;
				GCC_WARN_UNUSED_VARIABLE = YES;
				IPHONEOS_DEPLOYMENT_TARGET = 26.2;
				LOCALIZATION_PREFERS_STRING_CATALOGS = YES;
				MTL_ENABLE_DEBUG_INFO = INCLUDE_SOURCE;
				MTL_FAST_MATH = YES;
				ONLY_ACTIVE_ARCH = YES;
				SDKROOT = iphoneos;
				SWIFT_ACTIVE_COMPILATION_CONDITIONS = "DEBUG $(inherited)";
				SWIFT_OPTIMIZATION_LEVEL = "-Onone";
			};
			name = Debug;
		};
		7D7C5C482F6893BB000334A4 /* Release */ = {
			isa = XCBuildConfiguration;
			buildSettings = {
				ALWAYS_SEARCH_USER_PATHS = NO;
				ASSETCATALOG_COMPILER_GENERATE_SWIFT_ASSET_SYMBOL_EXTENSIONS = YES;
				CLANG_ANALYZER_NONNULL = YES;
				CLANG_ANALYZER_NUMBER_OBJECT_CONVERSION = YES_AGGRESSIVE;
				CLANG_CXX_LANGUAGE_STANDARD = "gnu++20";
				CLANG_ENABLE_MODULES = YES;
				CLANG_ENABLE_OBJC_ARC = YES;
				CLANG_ENABLE_OBJC_WEAK = YES;
				CLANG_WARN_BLOCK_CAPTURE_AUTORELEASING = YES;
				CLANG_WARN_BOOL_CONVERSION = YES;
				CLANG_WARN_COMMA = YES;
				CLANG_WARN_CONSTANT_CONVERSION = YES;
				CLANG_WARN_DEPRECATED_OBJC_IMPLEMENTATIONS = YES;
				CLANG_WARN_DIRECT_OBJC_ISA_USAGE = YES_ERROR;
				CLANG_WARN_DOCUMENTATION_COMMENTS = YES;
				CLANG_WARN_EMPTY_BODY = YES;
				CLANG_WARN_ENUM_CONVERSION = YES;
				CLANG_WARN_INFINITE_RECURSION = YES;
				CLANG_WARN_INT_CONVERSION = YES;
				CLANG_WARN_NON_LITERAL_NULL_CONVERSION = YES;
				CLANG_WARN_OBJC_IMPLICIT_RETAIN_SELF = YES;
				CLANG_WARN_OBJC_LITERAL_CONVERSION = YES;
				CLANG_WARN_OBJC_ROOT_CLASS = YES_ERROR;
				CLANG_WARN_QUOTED_INCLUDE_IN_FRAMEWORK_HEADER = YES;
				CLANG_WARN_RANGE_LOOP_ANALYSIS = YES;
				CLANG_WARN_STRICT_PROTOTYPES = YES;
				CLANG_WARN_SUSPICIOUS_MOVE = YES;
				CLANG_WARN_UNGUARDED_AVAILABILITY = YES_AGGRESSIVE;
				CLANG_WARN_UNREACHABLE_CODE = YES;
				CLANG_WARN__DUPLICATE_METHOD_MATCH = YES;
				COPY_PHASE_STRIP = NO;
				DEBUG_INFORMATION_FORMAT = "dwarf-with-dsym";
				DEVELOPMENT_TEAM = 8UPU78C9VK;
				ENABLE_NS_ASSERTIONS = NO;
				ENABLE_STRICT_OBJC_MSGSEND = YES;
				ENABLE_USER_SCRIPT_SANDBOXING = YES;
				GCC_C_LANGUAGE_STANDARD = gnu17;
				GCC_NO_COMMON_BLOCKS = YES;
				GCC_WARN_64_TO_32_BIT_CONVERSION = YES;
				GCC_WARN_ABOUT_RETURN_TYPE = YES_ERROR;
				GCC_WARN_UNDECLARED_SELECTOR = YES;
				GCC_WARN_UNINITIALIZED_AUTOS = YES_AGGRESSIVE;
				GCC_WARN_UNUSED_FUNCTION = YES;
				GCC_WARN_UNUSED_VARIABLE = YES;
				IPHONEOS_DEPLOYMENT_TARGET = 26.2;
				LOCALIZATION_PREFERS_STRING_CATALOGS = YES;
				MTL_ENABLE_DEBUG_INFO = NO;
				MTL_FAST_MATH = YES;
				SDKROOT = iphoneos;
				SWIFT_COMPILATION_MODE = wholemodule;
				VALIDATE_PRODUCT = YES;
			};
			name = Release;
		};
		7D7C5C4A2F6893BB000334A4 /* Debug */ = {
			isa = XCBuildConfiguration;
			buildSettings = {
				ASSETCATALOG_COMPILER_APPICON_NAME = AppIcon;
				ASSETCATALOG_COMPILER_GLOBAL_ACCENT_COLOR_NAME = AccentColor;
				CODE_SIGN_STYLE = Automatic;
				CURRENT_PROJECT_VERSION = 1;
				DEVELOPMENT_TEAM = 8UPU78C9VK;
				ENABLE_PREVIEWS = YES;
				GENERATE_INFOPLIST_FILE = YES;
				INFOPLIST_KEY_UIApplicationSceneManifest_Generation = YES;
				INFOPLIST_KEY_UIApplicationSupportsIndirectInputEvents = YES;
				INFOPLIST_KEY_UILaunchScreen_Generation = YES;
				INFOPLIST_KEY_UISupportedInterfaceOrientations_iPad = "UIInterfaceOrientationPortrait UIInterfaceOrientationPortraitUpsideDown UIInterfaceOrientationLandscapeLeft UIInterfaceOrientationLandscapeRight";
				INFOPLIST_KEY_UISupportedInterfaceOrientations_iPhone = "UIInterfaceOrientationPortrait UIInterfaceOrientationLandscapeLeft UIInterfaceOrientationLandscapeRight";
				LD_RUNPATH_SEARCH_PATHS = (
					"$(inherited)",
					"@executable_path/Frameworks",
				);
				MARKETING_VERSION = 1.0;
				PRODUCT_BUNDLE_IDENTIFIER = "com.gmail-tsurkov53.RegisterFirebaseSDK";
				PRODUCT_NAME = "$(TARGET_NAME)";
				STRING_CATALOG_GENERATE_SYMBOLS = YES;
				SWIFT_APPROACHABLE_CONCURRENCY = YES;
				SWIFT_DEFAULT_ACTOR_ISOLATION = MainActor;
				SWIFT_EMIT_LOC_STRINGS = YES;
				SWIFT_UPCOMING_FEATURE_MEMBER_IMPORT_VISIBILITY = YES;
				SWIFT_VERSION = 5.0;
				TARGETED_DEVICE_FAMILY = "1,2";
			};
			name = Debug;
		};
		7D7C5C4B2F6893BB000334A4 /* Release */ = {
			isa = XCBuildConfiguration;
			buildSettings = {
				ASSETCATALOG_COMPILER_APPICON_NAME = AppIcon;
				ASSETCATALOG_COMPILER_GLOBAL_ACCENT_COLOR_NAME = AccentColor;
				CODE_SIGN_STYLE = Automatic;
				CURRENT_PROJECT_VERSION = 1;
				DEVELOPMENT_TEAM = 8UPU78C9VK;
				ENABLE_PREVIEWS = YES;
				GENERATE_INFOPLIST_FILE = YES;
				INFOPLIST_KEY_UIApplicationSceneManifest_Generation = YES;
				INFOPLIST_KEY_UIApplicationSupportsIndirectInputEvents = YES;
				INFOPLIST_KEY_UILaunchScreen_Generation = YES;
				INFOPLIST_KEY_UISupportedInterfaceOrientations_iPad = "UIInterfaceOrientationPortrait UIInterfaceOrientationPortraitUpsideDown UIInterfaceOrientationLandscapeLeft UIInterfaceOrientationLandscapeRight";
				INFOPLIST_KEY_UISupportedInterfaceOrientations_iPhone = "UIInterfaceOrientationPortrait UIInterfaceOrientationLandscapeLeft UIInterfaceOrientationLandscapeRight";
				LD_RUNPATH_SEARCH_PATHS = (
					"$(inherited)",
					"@executable_path/Frameworks",
				);
				MARKETING_VERSION = 1.0;
				PRODUCT_BUNDLE_IDENTIFIER = "com.gmail-tsurkov53.RegisterFirebaseSDK";
				PRODUCT_NAME = "$(TARGET_NAME)";
				STRING_CATALOG_GENERATE_SYMBOLS = YES;
				SWIFT_APPROACHABLE_CONCURRENCY = YES;
				SWIFT_DEFAULT_ACTOR_ISOLATION = MainActor;
				SWIFT_EMIT_LOC_STRINGS = YES;
				SWIFT_UPCOMING_FEATURE_MEMBER_IMPORT_VISIBILITY = YES;
				SWIFT_VERSION = 5.0;
				TARGETED_DEVICE_FAMILY = "1,2";
			};
			name = Release;
		};
		7D7C5C4D2F6893BB000334A4 /* Debug */ = {
			isa = XCBuildConfiguration;
			buildSettings = {
				BUNDLE_LOADER = "$(TEST_HOST)";
				CODE_SIGN_STYLE = Automatic;
				CURRENT_PROJECT_VERSION = 1;
				DEVELOPMENT_TEAM = 8UPU78C9VK;
				GENERATE_INFOPLIST_FILE = YES;
				IPHONEOS_DEPLOYMENT_TARGET = 26.2;
				MARKETING_VERSION = 1.0;
				PRODUCT_BUNDLE_IDENTIFIER = "com.gmail-tsurkov53.RegisterFirebaseSDKTests";
				PRODUCT_NAME = "$(TARGET_NAME)";
				STRING_CATALOG_GENERATE_SYMBOLS = NO;
				SWIFT_APPROACHABLE_CONCURRENCY = YES;
				SWIFT_EMIT_LOC_STRINGS = NO;
				SWIFT_UPCOMING_FEATURE_MEMBER_IMPORT_VISIBILITY = YES;
				SWIFT_VERSION = 5.0;
				TARGETED_DEVICE_FAMILY = "1,2";
				TEST_HOST = "$(BUILT_PRODUCTS_DIR)/RegisterFirebaseSDK.app/$(BUNDLE_EXECUTABLE_FOLDER_PATH)/RegisterFirebaseSDK";
			};
			name = Debug;
		};
		7D7C5C4E2F6893BB000334A4 /* Release */ = {
			isa = XCBuildConfiguration;
			buildSettings = {
				BUNDLE_LOADER = "$(TEST_HOST)";
				CODE_SIGN_STYLE = Automatic;
				CURRENT_PROJECT_VERSION = 1;
				DEVELOPMENT_TEAM = 8UPU78C9VK;
				GENERATE_INFOPLIST_FILE = YES;
				IPHONEOS_DEPLOYMENT_TARGET = 26.2;
				MARKETING_VERSION = 1.0;
				PRODUCT_BUNDLE_IDENTIFIER = "com.gmail-tsurkov53.RegisterFirebaseSDKTests";
				PRODUCT_NAME = "$(TARGET_NAME)";
				STRING_CATALOG_GENERATE_SYMBOLS = NO;
				SWIFT_APPROACHABLE_CONCURRENCY = YES;
				SWIFT_EMIT_LOC_STRINGS = NO;
				SWIFT_UPCOMING_FEATURE_MEMBER_IMPORT_VISIBILITY = YES;
				SWIFT_VERSION = 5.0;
				TARGETED_DEVICE_FAMILY = "1,2";
				TEST_HOST = "$(BUILT_PRODUCTS_DIR)/RegisterFirebaseSDK.app/$(BUNDLE_EXECUTABLE_FOLDER_PATH)/RegisterFirebaseSDK";
			};
			name = Release;
		};
		7D7C5C502F6893BB000334A4 /* Debug */ = {
			isa = XCBuildConfiguration;
			buildSettings = {
				CODE_SIGN_STYLE = Automatic;
				CURRENT_PROJECT_VERSION = 1;
				DEVELOPMENT_TEAM = 8UPU78C9VK;
				GENERATE_INFOPLIST_FILE = YES;
				MARKETING_VERSION = 1.0;
				PRODUCT_BUNDLE_IDENTIFIER = "com.gmail-tsurkov53.RegisterFirebaseSDKUITests";
				PRODUCT_NAME = "$(TARGET_NAME)";
				STRING_CATALOG_GENERATE_SYMBOLS = NO;
				SWIFT_APPROACHABLE_CONCURRENCY = YES;
				SWIFT_EMIT_LOC_STRINGS = NO;
				SWIFT_UPCOMING_FEATURE_MEMBER_IMPORT_VISIBILITY = YES;
				SWIFT_VERSION = 5.0;
				TARGETED_DEVICE_FAMILY = "1,2";
				TEST_TARGET_NAME = RegisterFirebaseSDK;
			};
			name = Debug;
		};
		7D7C5C512F6893BB000334A4 /* Release */ = {
			isa = XCBuildConfiguration;
			buildSettings = {
				CODE_SIGN_STYLE = Automatic;
				CURRENT_PROJECT_VERSION = 1;
				DEVELOPMENT_TEAM = 8UPU78C9VK;
				GENERATE_INFOPLIST_FILE = YES;
				MARKETING_VERSION = 1.0;
				PRODUCT_BUNDLE_IDENTIFIER = "com.gmail-tsurkov53.RegisterFirebaseSDKUITests";
				PRODUCT_NAME = "$(TARGET_NAME)";
				STRING_CATALOG_GENERATE_SYMBOLS = NO;
				SWIFT_APPROACHABLE_CONCURRENCY = YES;
				SWIFT_EMIT_LOC_STRINGS = NO;
				SWIFT_UPCOMING_FEATURE_MEMBER_IMPORT_VISIBILITY = YES;
				SWIFT_VERSION = 5.0;
				TARGETED_DEVICE_FAMILY = "1,2";
				TEST_TARGET_NAME = RegisterFirebaseSDK;
			};
			name = Release;
		};
/* End XCBuildConfiguration section */

/* Begin XCConfigurationList section */
		7D7C5C232F6893B9000334A4 /* Build configuration list for PBXProject "RegisterFirebaseSDK" */ = {
			isa = XCConfigurationList;
			buildConfigurations = (
				7D7C5C472F6893BB000334A4 /* Debug */,
				7D7C5C482F6893BB000334A4 /* Release */,
			);
			defaultConfigurationIsVisible = 0;
			defaultConfigurationName = Release;
		};
		7D7C5C492F6893BB000334A4 /* Build configuration list for PBXNativeTarget "RegisterFirebaseSDK" */ = {
			isa = XCConfigurationList;
			buildConfigurations = (
				7D7C5C4A2F6893BB000334A4 /* Debug */,
				7D7C5C4B2F6893BB000334A4 /* Release */,
			);
			defaultConfigurationIsVisible = 0;
			defaultConfigurationName = Release;
		};
		7D7C5C4C2F6893BB000334A4 /* Build configuration list for PBXNativeTarget "RegisterFirebaseSDKTests" */ = {
			isa = XCConfigurationList;
			buildConfigurations = (
				7D7C5C4D2F6893BB000334A4 /* Debug */,
				7D7C5C4E2F6893BB000334A4 /* Release */,
			);
			defaultConfigurationIsVisible = 0;
			defaultConfigurationName = Release;
		};
		7D7C5C4F2F6893BB000334A4 /* Build configuration list for PBXNativeTarget "RegisterFirebaseSDKUITests" */ = {
			isa = XCConfigurationList;
			buildConfigurations = (
				7D7C5C502F6893BB000334A4 /* Debug */,
				7D7C5C512F6893BB000334A4 /* Release */,
			);
			defaultConfigurationIsVisible = 0;
			defaultConfigurationName = Release;
		};
/* End XCConfigurationList section */

/* Begin XCRemoteSwiftPackageReference section */
		7D7C5C542F698893000334A4 /* XCRemoteSwiftPackageReference "firebase-ios-sdk" */ = {
			isa = XCRemoteSwiftPackageReference;
			repositoryURL = "https://github.com/firebase/firebase-ios-sdk.git";
			requirement = {
				kind = upToNextMajorVersion;
				minimumVersion = 12.11.0;
			};
		};
/* End XCRemoteSwiftPackageReference section */

/* Begin XCSwiftPackageProductDependency section */
		7D7C5C552F698893000334A4 /* FirebaseAnalytics */ = {
			isa = XCSwiftPackageProductDependency;
			package = 7D7C5C542F698893000334A4 /* XCRemoteSwiftPackageReference "firebase-ios-sdk" */;
			productName = FirebaseAnalytics;
		};
		7D7C5C572F698893000334A4 /* FirebaseAuth */ = {
			isa = XCSwiftPackageProductDependency;
			package = 7D7C5C542F698893000334A4 /* XCRemoteSwiftPackageReference "firebase-ios-sdk" */;
			productName = FirebaseAuth;
		};
		7D7C5C592F698893000334A4 /* FirebaseFirestore */ = {
			isa = XCSwiftPackageProductDependency;
			package = 7D7C5C542F698893000334A4 /* XCRemoteSwiftPackageReference "firebase-ios-sdk" */;
			productName = FirebaseFirestore;
		};
/* End XCSwiftPackageProductDependency section */
	};
	rootObject = 7D7C5C202F6893B9000334A4 /* Project object */;
}
